
Microsoft Visual Studio Solution File, Format Version 12.00
# Visual Studio Version 17
VisualStudioVersion = 17.13.35825.156 d17.13
MinimumVisualStudioVersion = 10.0.40219.1
Project("{8BC9CEB8-8B4A-11D0-8D11-00A0C91BC942}") = "Snake_game_cpp", "Snake_game_cpp\Snake_game_cpp.vcxproj", "{4EAB75DF-7A48-4AA3-AF61-619B426F1388}"
EndProject
Global
	GlobalSection(SolutionConfigurationPlatforms) = preSolution
		Debug|x64 = Debug|x64
		Debug|x86 = Debug|x86
		Release|x64 = Release|x64
		Release|x86 = Release|x86
	EndGlobalSection
	GlobalSection(ProjectConfigurationPlatforms) = postSolution
		{4EAB75DF-7A48-4AA3-AF61-619B426F1388}.Debug|x64.ActiveCfg = Debug|x64
		{4EAB75DF-7A48-4AA3-AF61-619B426F1388}.Debug|x64.Build.0 = Debug|x64
		{4EAB75DF-7A48-4AA3-AF61-619B426F1388}.Debug|x86.ActiveCfg = Debug|Win32
		{4EAB75DF-7A48-4AA3-AF61-619B426F1388}.Debug|x86.Build.0 = Debug|Win32
		{4EAB75DF-7A48-4AA3-AF61-619B426F1388}.Release|x64.ActiveCfg = Release|x64
		{4EAB75DF-7A48-4AA3-AF61-619B426F1388}.Release|x64.Build.0 = Release|x64
		{4EAB75DF-7A48-4AA3-AF61-619B426F1388}.Release|x86.ActiveCfg = Release|Win32
		{4EAB75DF-7A48-4AA3-AF61-619B426F1388}.Release|x86.Build.0 = Release|Win32
	EndGlobalSection
	GlobalSection(SolutionProperties) = preSolution
		HideSolutionNode = FALSE
	EndGlobalSection
	GlobalSection(ExtensibilityGlobals) = postSolution
		SolutionGuid = {2F633652-ADAC-4CB9-ABF3-33610DA65BD8}
	EndGlobalSection
EndGlobal
